
Microsoft Visual Studio Solution File, Format Version 12.00
# Visual Studio Version 17
VisualStudioVersion = 17.5.33424.131
MinimumVisualStudioVersion = 10.0.40219.1
Project("{FAE04EC0-301F-11D3-BF4B-00C04F79EFBC}") = "OOP1", "OOP1\OOP1.csproj", "{36C3EDE2-29C1-42AD-AC21-89484B648A22}"
EndProject
Global
	GlobalSection(SolutionConfigurationPlatforms) = preSolution
		Debug|Any CPU = Debug|Any CPU
		Release|Any CPU = Release|Any CPU
	EndGlobalSection
	GlobalSection(ProjectConfigurationPlatforms) = postSolution
		{36C3EDE2-29C1-42AD-AC21-89484B648A22}.Debug|Any CPU.ActiveCfg = Debug|Any CPU
		{36C3EDE2-29C1-42AD-AC21-89484B648A22}.Debug|Any CPU.Build.0 = Debug|Any CPU
		{36C3EDE2-29C1-42AD-AC21-89484B648A22}.Release|Any CPU.ActiveCfg = Release|Any CPU
		{36C3EDE2-29C1-42AD-AC21-89484B648A22}.Release|Any CPU.Build.0 = Release|Any CPU
	EndGlobalSection
	GlobalSection(SolutionProperties) = preSolution
		HideSolutionNode = FALSE
	EndGlobalSection
	GlobalSection(ExtensibilityGlobals) = postSolution
		SolutionGuid = {EC44D38E-04B2-4B38-97B2-6E13E5A050F8}
	EndGlobalSection
EndGlobal
